
Microsoft Visual Studio Solution File, Format Version 12.00
# Visual Studio 15
VisualStudioVersion = 15.0.27703.2026
MinimumVisualStudioVersion = 10.0.40219.1
Project("{FAE04EC0-301F-11D3-BF4B-00C04F79EFBC}") = "EssentialsDemo.Android", "EssentialsDemo.Android\EssentialsDemo.Android.csproj", "{572CAA01-5759-4ED8-8FE6-8E7CC967BBEC}"
EndProject
Project("{FAE04EC0-301F-11D3-BF4B-00C04F79EFBC}") = "EssentialsDemo.iOS", "EssentialsDemo.iOS\EssentialsDemo.iOS.csproj", "{2B61059F-53DC-4337-9F7F-62684E088B7B}"
EndProject
Project("{FAE04EC0-301F-11D3-BF4B-00C04F79EFBC}") = "EssentialsDemo.UWP", "EssentialsDemo.UWP\EssentialsDemo.UWP.csproj", "{2EE7CCFD-8BBC-4C20-8F12-E3EBD9BF10E7}"
EndProject
Project("{9A19103F-16F7-4668-BE54-9A1E7A4F7556}") = "EssentialsDemo", "EssentialsDemo\EssentialsDemo.csproj", "{7E0B2AE0-E9C9-40F2-A92A-1E2B0336F587}"
EndProject
Global
	GlobalSection(SolutionConfigurationPlatforms) = preSolution
		Debug|Any CPU = Debug|Any CPU
		Debug|ARM = Debug|ARM
		Debug|iPhone = Debug|iPhone
		Debug|iPhoneSimulator = Debug|iPhoneSimulator
		Debug|x64 = Debug|x64
		Debug|x86 = Debug|x86
		Release|Any CPU = Release|Any CPU
		Release|ARM = Release|ARM
		Release|iPhone = Release|iPhone
		Release|iPhoneSimulator = Release|iPhoneSimulator
		Release|x64 = Release|x64
		Release|x86 = Release|x86
	EndGlobalSection
	GlobalSection(ProjectConfigurationPlatforms) = postSolution
		{572CAA01-5759-4ED8-8FE6-8E7CC967BBEC}.Debug|Any CPU.ActiveCfg = Debug|Any CPU
		{572CAA01-5759-4ED8-8FE6-8E7CC967BBEC}.Debug|Any CPU.Build.0 = Debug|Any CPU
		{572CAA01-5759-4ED8-8FE6-8E7CC967BBEC}.Debug|Any CPU.Deploy.0 = Debug|Any CPU
		{572CAA01-5759-4ED8-8FE6-8E7CC967BBEC}.Debug|ARM.ActiveCfg = Debug|Any CPU
		{572CAA01-5759-4ED8-8FE6-8E7CC967BBEC}.Debug|ARM.Build.0 = Debug|Any CPU
		{572CAA01-5759-4ED8-8FE6-8E7CC967BBEC}.Debug|ARM.Deploy.0 = Debug|Any CPU
		{572CAA01-5759-4ED8-8FE6-8E7CC967BBEC}.Debug|iPhone.ActiveCfg = Debug|Any CPU
		{572CAA01-5759-4ED8-8FE6-8E7CC967BBEC}.Debug|iPhone.Build.0 = Debug|Any CPU
		{572CAA01-5759-4ED8-8FE6-8E7CC967BBEC}.Debug|iPhone.Deploy.0 = Debug|Any CPU
		{572CAA01-5759-4ED8-8FE6-8E7CC967BBEC}.Debug|iPhoneSimulator.ActiveCfg = Debug|Any CPU
		{572CAA01-5759-4ED8-8FE6-8E7CC967BBEC}.Debug|iPhoneSimulator.Build.0 = Debug|Any CPU
		{572CAA01-5759-4ED8-8FE6-8E7CC967BBEC}.Debug|iPhoneSimulator.Deploy.0 = Debug|Any CPU
		{572CAA01-5759-4ED8-8FE6-8E7CC967BBEC}.Debug|x64.ActiveCfg = Debug|Any CPU
		{572CAA01-5759-4ED8-8FE6-8E7CC967BBEC}.Debug|x64.Build.0 = Debug|Any CPU
		{572CAA01-5759-4ED8-8FE6-8E7CC967BBEC}.Debug|x64.Deploy.0 = Debug|Any CPU
		{572CAA01-5759-4ED8-8FE6-8E7CC967BBEC}.Debug|x86.ActiveCfg = Debug|Any CPU
		{572CAA01-5759-4ED8-8FE6-8E7CC967BBEC}.Debug|x86.Build.0 = Debug|Any CPU
		{572CAA01-5759-4ED8-8FE6-8E7CC967BBEC}.Debug|x86.Deploy.0 = Debug|Any CPU
		{572CAA01-5759-4ED8-8FE6-8E7CC967BBEC}.Release|Any CPU.ActiveCfg = Release|Any CPU
		{572CAA01-5759-4ED8-8FE6-8E7CC967BBEC}.Release|Any CPU.Build.0 = Release|Any CPU
		{572CAA01-5759-4ED8-8FE6-8E7CC967BBEC}.Release|Any CPU.Deploy.0 = Release|Any CPU
		{572CAA01-5759-4ED8-8FE6-8E7CC967BBEC}.Release|ARM.ActiveCfg = Release|Any CPU
		{572CAA01-5759-4ED8-8FE6-8E7CC967BBEC}.Release|ARM.Build.0 = Release|Any CPU
		{572CAA01-5759-4ED8-8FE6-8E7CC967BBEC}.Release|ARM.Deploy.0 = Release|Any CPU
		{572CAA01-5759-4ED8-8FE6-8E7CC967BBEC}.Release|iPhone.ActiveCfg = Release|Any CPU
		{572CAA01-5759-4ED8-8FE6-8E7CC967BBEC}.Release|iPhone.Build.0 = Release|Any CPU
		{572CAA01-5759-4ED8-8FE6-8E7CC967BBEC}.Release|iPhone.Deploy.0 = Release|Any CPU
		{572CAA01-5759-4ED8-8FE6-8E7CC967BBEC}.Release|iPhoneSimulator.ActiveCfg = Release|Any CPU
		{572CAA01-5759-4ED8-8FE6-8E7CC967BBEC}.Release|iPhoneSimulator.Build.0 = Release|Any CPU
		{572CAA01-5759-4ED8-8FE6-8E7CC967BBEC}.Release|iPhoneSimulator.Deploy.0 = Release|Any CPU
		{572CAA01-5759-4ED8-8FE6-8E7CC967BBEC}.Release|x64.ActiveCfg = Release|Any CPU
		{572CAA01-5759-4ED8-8FE6-8E7CC967BBEC}.Release|x64.Build.0 = Release|Any CPU
		{572CAA01-5759-4ED8-8FE6-8E7CC967BBEC}.Release|x64.Deploy.0 = Release|Any CPU
		{572CAA01-5759-4ED8-8FE6-8E7CC967BBEC}.Release|x86.ActiveCfg = Release|Any CPU
		{572CAA01-5759-4ED8-8FE6-8E7CC967BBEC}.Release|x86.Build.0 = Release|Any CPU
		{572CAA01-5759-4ED8-8FE6-8E7CC967BBEC}.Release|x86.Deploy.0 = Release|Any CPU
		{2B61059F-53DC-4337-9F7F-62684E088B7B}.Debug|Any CPU.ActiveCfg = Debug|iPhoneSimulator
		{2B61059F-53DC-4337-9F7F-62684E088B7B}.Debug|Any CPU.Build.0 = Debug|iPhoneSimulator
		{2B61059F-53DC-4337-9F7F-62684E088B7B}.Debug|Any CPU.Deploy.0 = Debug|iPhoneSimulator
		{2B61059F-53DC-4337-9F7F-62684E088B7B}.Debug|ARM.ActiveCfg = Debug|iPhone
		{2B61059F-53DC-4337-9F7F-62684E088B7B}.Debug|ARM.Build.0 = Debug|iPhone
		{2B61059F-53DC-4337-9F7F-62684E088B7B}.Debug|ARM.Deploy.0 = Debug|iPhone
		{2B61059F-53DC-4337-9F7F-62684E088B7B}.Debug|iPhone.ActiveCfg = Debug|iPhone
		{2B61059F-53DC-4337-9F7F-62684E088B7B}.Debug|iPhone.Build.0 = Debug|iPhone
		{2B61059F-53DC-4337-9F7F-62684E088B7B}.Debug|iPhone.Deploy.0 = Debug|iPhone
		{2B61059F-53DC-4337-9F7F-62684E088B7B}.Debug|iPhoneSimulator.ActiveCfg = Debug|iPhoneSimulator
		{2B61059F-53DC-4337-9F7F-62684E088B7B}.Debug|iPhoneSimulator.Build.0 = Debug|iPhoneSimulator
		{2B61059F-53DC-4337-9F7F-62684E088B7B}.Debug|iPhoneSimulator.Deploy.0 = Debug|iPhoneSimulator
		{2B61059F-53DC-4337-9F7F-62684E088B7B}.Debug|x64.ActiveCfg = Debug|iPhone
		{2B61059F-53DC-4337-9F7F-62684E088B7B}.Debug|x64.Build.0 = Debug|iPhone
		{2B61059F-53DC-4337-9F7F-62684E088B7B}.Debug|x64.Deploy.0 = Debug|iPhone
		{2B61059F-53DC-4337-9F7F-62684E088B7B}.Debug|x86.ActiveCfg = Debug|iPhone
		{2B61059F-53DC-4337-9F7F-62684E088B7B}.Debug|x86.Build.0 = Debug|iPhone
		{2B61059F-53DC-4337-9F7F-62684E088B7B}.Debug|x86.Deploy.0 = Debug|iPhone
		{2B61059F-53DC-4337-9F7F-62684E088B7B}.Release|Any CPU.ActiveCfg = Release|iPhone
		{2B61059F-53DC-4337-9F7F-62684E088B7B}.Release|Any CPU.Build.0 = Release|iPhone
		{2B61059F-53DC-4337-9F7F-62684E088B7B}.Release|Any CPU.Deploy.0 = Release|iPhone
		{2B61059F-53DC-4337-9F7F-62684E088B7B}.Release|ARM.ActiveCfg = Release|iPhone
		{2B61059F-53DC-4337-9F7F-62684E088B7B}.Release|ARM.Build.0 = Release|iPhone
		{2B61059F-53DC-4337-9F7F-62684E088B7B}.Release|ARM.Deploy.0 = Release|iPhone
		{2B61059F-53DC-4337-9F7F-62684E088B7B}.Release|iPhone.ActiveCfg = Release|iPhone
		{2B61059F-53DC-4337-9F7F-62684E088B7B}.Release|iPhone.Build.0 = Release|iPhone
		{2B61059F-53DC-4337-9F7F-62684E088B7B}.Release|iPhone.Deploy.0 = Release|iPhone
		{2B61059F-53DC-4337-9F7F-62684E088B7B}.Release|iPhoneSimulator.ActiveCfg = Release|iPhoneSimulator
		{2B61059F-53DC-4337-9F7F-62684E088B7B}.Release|iPhoneSimulator.Build.0 = Release|iPhoneSimulator
		{2B61059F-53DC-4337-9F7F-62684E088B7B}.Release|iPhoneSimulator.Deploy.0 = Release|iPhoneSimulator
		{2B61059F-53DC-4337-9F7F-62684E088B7B}.Release|x64.ActiveCfg = Release|iPhone
		{2B61059F-53DC-4337-9F7F-62684E088B7B}.Release|x64.Build.0 = Release|iPhone
		{2B61059F-53DC-4337-9F7F-62684E088B7B}.Release|x64.Deploy.0 = Release|iPhone
		{2B61059F-53DC-4337-9F7F-62684E088B7B}.Release|x86.ActiveCfg = Release|iPhone
		{2B61059F-53DC-4337-9F7F-62684E088B7B}.Release|x86.Build.0 = Release|iPhone
		{2B61059F-53DC-4337-9F7F-62684E088B7B}.Release|x86.Deploy.0 = Release|iPhone
		{2EE7CCFD-8BBC-4C20-8F12-E3EBD9BF10E7}.Debug|Any CPU.ActiveCfg = Debug|x86
		{2EE7CCFD-8BBC-4C20-8F12-E3EBD9BF10E7}.Debug|Any CPU.Build.0 = Debug|x86
		{2EE7CCFD-8BBC-4C20-8F12-E3EBD9BF10E7}.Debug|Any CPU.Deploy.0 = Debug|x86
		{2EE7CCFD-8BBC-4C20-8F12-E3EBD9BF10E7}.Debug|ARM.ActiveCfg = Debug|ARM
		{2EE7CCFD-8BBC-4C20-8F12-E3EBD9BF10E7}.Debug|ARM.Build.0 = Debug|ARM
		{2EE7CCFD-8BBC-4C20-8F12-E3EBD9BF10E7}.Debug|ARM.Deploy.0 = Debug|ARM
		{2EE7CCFD-8BBC-4C20-8F12-E3EBD9BF10E7}.Debug|iPhone.ActiveCfg = Debug|x86
		{2EE7CCFD-8BBC-4C20-8F12-E3EBD9BF10E7}.Debug|iPhone.Build.0 = Debug|x86
		{2EE7CCFD-8BBC-4C20-8F12-E3EBD9BF10E7}.Debug|iPhone.Deploy.0 = Debug|x86
		{2EE7CCFD-8BBC-4C20-8F12-E3EBD9BF10E7}.Debug|iPhoneSimulator.ActiveCfg = Debug|x86
		{2EE7CCFD-8BBC-4C20-8F12-E3EBD9BF10E7}.Debug|iPhoneSimulator.Build.0 = Debug|x86
		{2EE7CCFD-8BBC-4C20-8F12-E3EBD9BF10E7}.Debug|iPhoneSimulator.Deploy.0 = Debug|x86
		{2EE7CCFD-8BBC-4C20-8F12-E3EBD9BF10E7}.Debug|x64.ActiveCfg = Debug|x64
		{2EE7CCFD-8BBC-4C20-8F12-E3EBD9BF10E7}.Debug|x64.Build.0 = Debug|x64
		{2EE7CCFD-8BBC-4C20-8F12-E3EBD9BF10E7}.Debug|x64.Deploy.0 = Debug|x64
		{2EE7CCFD-8BBC-4C20-8F12-E3EBD9BF10E7}.Debug|x86.ActiveCfg = Debug|x86
		{2EE7CCFD-8BBC-4C20-8F12-E3EBD9BF10E7}.Debug|x86.Build.0 = Debug|x86
		{2EE7CCFD-8BBC-4C20-8F12-E3EBD9BF10E7}.Debug|x86.Deploy.0 = Debug|x86
		{2EE7CCFD-8BBC-4C20-8F12-E3EBD9BF10E7}.Release|Any CPU.ActiveCfg = Release|x86
		{2EE7CCFD-8BBC-4C20-8F12-E3EBD9BF10E7}.Release|Any CPU.Build.0 = Release|x86
		{2EE7CCFD-8BBC-4C20-8F12-E3EBD9BF10E7}.Release|Any CPU.Deploy.0 = Release|x86
		{2EE7CCFD-8BBC-4C20-8F12-E3EBD9BF10E7}.Release|ARM.ActiveCfg = Release|ARM
		{2EE7CCFD-8BBC-4C20-8F12-E3EBD9BF10E7}.Release|ARM.Build.0 = Release|ARM
		{2EE7CCFD-8BBC-4C20-8F12-E3EBD9BF10E7}.Release|ARM.Deploy.0 = Release|ARM
		{2EE7CCFD-8BBC-4C20-8F12-E3EBD9BF10E7}.Release|iPhone.ActiveCfg = Release|x86
		{2EE7CCFD-8BBC-4C20-8F12-E3EBD9BF10E7}.Release|iPhone.Build.0 = Release|x86
		{2EE7CCFD-8BBC-4C20-8F12-E3EBD9BF10E7}.Release|iPhone.Deploy.0 = Release|x86
		{2EE7CCFD-8BBC-4C20-8F12-E3EBD9BF10E7}.Release|iPhoneSimulator.ActiveCfg = Release|x86
		{2EE7CCFD-8BBC-4C20-8F12-E3EBD9BF10E7}.Release|iPhoneSimulator.Build.0 = Release|x86
		{2EE7CCFD-8BBC-4C20-8F12-E3EBD9BF10E7}.Release|iPhoneSimulator.Deploy.0 = Release|x86
		{2EE7CCFD-8BBC-4C20-8F12-E3EBD9BF10E7}.Release|x64.ActiveCfg = Release|x64
		{2EE7CCFD-8BBC-4C20-8F12-E3EBD9BF10E7}.Release|x64.Build.0 = Release|x64
		{2EE7CCFD-8BBC-4C20-8F12-E3EBD9BF10E7}.Release|x64.Deploy.0 = Release|x64
		{2EE7CCFD-8BBC-4C20-8F12-E3EBD9BF10E7}.Release|x86.ActiveCfg = Release|x86
		{2EE7CCFD-8BBC-4C20-8F12-E3EBD9BF10E7}.Release|x86.Build.0 = Release|x86
		{2EE7CCFD-8BBC-4C20-8F12-E3EBD9BF10E7}.Release|x86.Deploy.0 = Release|x86
		{7E0B2AE0-E9C9-40F2-A92A-1E2B0336F587}.Debug|Any CPU.ActiveCfg = Debug|Any CPU
		{7E0B2AE0-E9C9-40F2-A92A-1E2B0336F587}.Debug|Any CPU.Build.0 = Debug|Any CPU
		{7E0B2AE0-E9C9-40F2-A92A-1E2B0336F587}.Debug|Any CPU.Deploy.0 = Debug|Any CPU
		{7E0B2AE0-E9C9-40F2-A92A-1E2B0336F587}.Debug|ARM.ActiveCfg = Debug|Any CPU
		{7E0B2AE0-E9C9-40F2-A92A-1E2B0336F587}.Debug|ARM.Build.0 = Debug|Any CPU
		{7E0B2AE0-E9C9-40F2-A92A-1E2B0336F587}.Debug|ARM.Deploy.0 = Debug|Any CPU
		{7E0B2AE0-E9C9-40F2-A92A-1E2B0336F587}.Debug|iPhone.ActiveCfg = Debug|Any CPU
		{7E0B2AE0-E9C9-40F2-A92A-1E2B0336F587}.Debug|iPhone.Build.0 = Debug|Any CPU
		{7E0B2AE0-E9C9-40F2-A92A-1E2B0336F587}.Debug|iPhone.Deploy.0 = Debug|Any CPU
		{7E0B2AE0-E9C9-40F2-A92A-1E2B0336F587}.Debug|iPhoneSimulator.ActiveCfg = Debug|Any CPU
		{7E0B2AE0-E9C9-40F2-A92A-1E2B0336F587}.Debug|iPhoneSimulator.Build.0 = Debug|Any CPU
		{7E0B2AE0-E9C9-40F2-A92A-1E2B0336F587}.Debug|iPhoneSimulator.Deploy.0 = Debug|Any CPU
		{7E0B2AE0-E9C9-40F2-A92A-1E2B0336F587}.Debug|x64.ActiveCfg = Debug|Any CPU
		{7E0B2AE0-E9C9-40F2-A92A-1E2B0336F587}.Debug|x64.Build.0 = Debug|Any CPU
		{7E0B2AE0-E9C9-40F2-A92A-1E2B0336F587}.Debug|x64.Deploy.0 = Debug|Any CPU
		{7E0B2AE0-E9C9-40F2-A92A-1E2B0336F587}.Debug|x86.ActiveCfg = Debug|Any CPU
		{7E0B2AE0-E9C9-40F2-A92A-1E2B0336F587}.Debug|x86.Build.0 = Debug|Any CPU
		{7E0B2AE0-E9C9-40F2-A92A-1E2B0336F587}.Debug|x86.Deploy.0 = Debug|Any CPU
		{7E0B2AE0-E9C9-40F2-A92A-1E2B0336F587}.Release|Any CPU.ActiveCfg = Release|Any CPU
		{7E0B2AE0-E9C9-40F2-A92A-1E2B0336F587}.Release|Any CPU.Build.0 = Release|Any CPU
		{7E0B2AE0-E9C9-40F2-A92A-1E2B0336F587}.Release|Any CPU.Deploy.0 = Release|Any CPU
		{7E0B2AE0-E9C9-40F2-A92A-1E2B0336F587}.Release|ARM.ActiveCfg = Release|Any CPU
		{7E0B2AE0-E9C9-40F2-A92A-1E2B0336F587}.Release|ARM.Build.0 = Release|Any CPU
		{7E0B2AE0-E9C9-40F2-A92A-1E2B0336F587}.Release|ARM.Deploy.0 = Release|Any CPU
		{7E0B2AE0-E9C9-40F2-A92A-1E2B0336F587}.Release|iPhone.ActiveCfg = Release|Any CPU
		{7E0B2AE0-E9C9-40F2-A92A-1E2B0336F587}.Release|iPhone.Build.0 = Release|Any CPU
		{7E0B2AE0-E9C9-40F2-A92A-1E2B0336F587}.Release|iPhone.Deploy.0 = Release|Any CPU
		{7E0B2AE0-E9C9-40F2-A92A-1E2B0336F587}.Release|iPhoneSimulator.ActiveCfg = Release|Any CPU
		{7E0B2AE0-E9C9-40F2-A92A-1E2B0336F587}.Release|iPhoneSimulator.Build.0 = Release|Any CPU
		{7E0B2AE0-E9C9-40F2-A92A-1E2B0336F587}.Release|iPhoneSimulator.Deploy.0 = Release|Any CPU
		{7E0B2AE0-E9C9-40F2-A92A-1E2B0336F587}.Release|x64.ActiveCfg = Release|Any CPU
		{7E0B2AE0-E9C9-40F2-A92A-1E2B0336F587}.Release|x64.Build.0 = Release|Any CPU
		{7E0B2AE0-E9C9-40F2-A92A-1E2B0336F587}.Release|x64.Deploy.0 = Release|Any CPU
		{7E0B2AE0-E9C9-40F2-A92A-1E2B0336F587}.Release|x86.ActiveCfg = Release|Any CPU
		{7E0B2AE0-E9C9-40F2-A92A-1E2B0336F587}.Release|x86.Build.0 = Release|Any CPU
		{7E0B2AE0-E9C9-40F2-A92A-1E2B0336F587}.Release|x86.Deploy.0 = Release|Any CPU
	EndGlobalSection
	GlobalSection(SolutionProperties) = preSolution
		HideSolutionNode = FALSE
	EndGlobalSection
	GlobalSection(ExtensibilityGlobals) = postSolution
		SolutionGuid = {8612F2C1-B268-44FD-A810-1F2465FE1996}
	EndGlobalSection
EndGlobal
